
Microsoft Visual Studio Solution File, Format Version 12.00
Project("{FAE04EC0-301F-11D3-BF4B-00C04F79EFBC}") = "Sorcer.Api", "Sorcer.Api\Sorcer.Api.csproj", "{F1102F17-BAEE-4205-97FC-523A6FE5B52E}"
EndProject
Project("{FAE04EC0-301F-11D3-BF4B-00C04F79EFBC}") = "Sorcer.Bot", "Sorcer.Bot\Sorcer.Bot.csproj", "{1364623D-79AD-4831-A165-32530D036F63}"
EndProject
Project("{FAE04EC0-301F-11D3-BF4B-00C04F79EFBC}") = "Sorcer.Models", "Sorcer.Models\Sorcer.Models.csproj", "{1DFAA04D-611E-4F4C-A090-13C539E668AC}"
EndProject
Project("{FAE04EC0-301F-11D3-BF4B-00C04F79EFBC}") = "Sorcer.DataAccess", "Sorcer.DataAccess\Sorcer.DataAccess.csproj", "{C74A21EA-9C63-4064-A283-ED583C7D3A2A}"
EndProject
Global
	GlobalSection(SolutionConfigurationPlatforms) = preSolution
		Debug|Any CPU = Debug|Any CPU
		Release|Any CPU = Release|Any CPU
	EndGlobalSection
	GlobalSection(ProjectConfigurationPlatforms) = postSolution
		{F1102F17-BAEE-4205-97FC-523A6FE5B52E}.Debug|Any CPU.ActiveCfg = Debug|Any CPU
		{F1102F17-BAEE-4205-97FC-523A6FE5B52E}.Debug|Any CPU.Build.0 = Debug|Any CPU
		{F1102F17-BAEE-4205-97FC-523A6FE5B52E}.Release|Any CPU.ActiveCfg = Release|Any CPU
		{F1102F17-BAEE-4205-97FC-523A6FE5B52E}.Release|Any CPU.Build.0 = Release|Any CPU
		{1364623D-79AD-4831-A165-32530D036F63}.Debug|Any CPU.ActiveCfg = Debug|Any CPU
		{1364623D-79AD-4831-A165-32530D036F63}.Debug|Any CPU.Build.0 = Debug|Any CPU
		{1364623D-79AD-4831-A165-32530D036F63}.Release|Any CPU.ActiveCfg = Release|Any CPU
		{1364623D-79AD-4831-A165-32530D036F63}.Release|Any CPU.Build.0 = Release|Any CPU
		{1DFAA04D-611E-4F4C-A090-13C539E668AC}.Debug|Any CPU.ActiveCfg = Debug|Any CPU
		{1DFAA04D-611E-4F4C-A090-13C539E668AC}.Debug|Any CPU.Build.0 = Debug|Any CPU
		{1DFAA04D-611E-4F4C-A090-13C539E668AC}.Release|Any CPU.ActiveCfg = Release|Any CPU
		{1DFAA04D-611E-4F4C-A090-13C539E668AC}.Release|Any CPU.Build.0 = Release|Any CPU
		{C74A21EA-9C63-4064-A283-ED583C7D3A2A}.Debug|Any CPU.ActiveCfg = Debug|Any CPU
		{C74A21EA-9C63-4064-A283-ED583C7D3A2A}.Debug|Any CPU.Build.0 = Debug|Any CPU
		{C74A21EA-9C63-4064-A283-ED583C7D3A2A}.Release|Any CPU.ActiveCfg = Release|Any CPU
		{C74A21EA-9C63-4064-A283-ED583C7D3A2A}.Release|Any CPU.Build.0 = Release|Any CPU
	EndGlobalSection
EndGlobal
